// !$*UTF8*$!
{
	archiveVersion = 1;
	classes = {
	};
	objectVersion = 46;
	objects = {

/* Begin PBXBuildFile section */
		33089BB01D361AFB00BC52DE /* OutfitCell.swift in Sources */ = {isa = PBXBuildFile; fileRef = 33089BAF1D361AFB00BC52DE /* OutfitCell.swift */; };
		33089BB21D36227600BC52DE /* CustomButton.swift in Sources */ = {isa = PBXBuildFile; fileRef = 33089BB11D36227600BC52DE /* CustomButton.swift */; };
		33089BB51D362D8300BC52DE /* TinyCloset.xcdatamodeld in Sources */ = {isa = PBXBuildFile; fileRef = 33089BB31D362D8300BC52DE /* TinyCloset.xcdatamodeld */; };
		33089BEF1D36F44A00BC52DE /* Constants.swift in Sources */ = {isa = PBXBuildFile; fileRef = 33089BEE1D36F44A00BC52DE /* Constants.swift */; };
		33089C2C1D3832CA00BC52DE /* Lent+CoreDataProperties.swift in Sources */ = {isa = PBXBuildFile; fileRef = 33089C221D3832CA00BC52DE /* Lent+CoreDataProperties.swift */; };
		33089C2D1D3832CA00BC52DE /* Lent.swift in Sources */ = {isa = PBXBuildFile; fileRef = 33089C231D3832CA00BC52DE /* Lent.swift */; };
		33089C2E1D3832CA00BC52DE /* Type+CoreDataProperties.swift in Sources */ = {isa = PBXBuildFile; fileRef = 33089C241D3832CA00BC52DE /* Type+CoreDataProperties.swift */; };
		33089C2F1D3832CA00BC52DE /* Type.swift in Sources */ = {isa = PBXBuildFile; fileRef = 33089C251D3832CA00BC52DE /* Type.swift */; };
		33089C301D3832CA00BC52DE /* Suitcase+CoreDataProperties.swift in Sources */ = {isa = PBXBuildFile; fileRef = 33089C261D3832CA00BC52DE /* Suitcase+CoreDataProperties.swift */; };
		33089C311D3832CA00BC52DE /* Suitcase.swift in Sources */ = {isa = PBXBuildFile; fileRef = 33089C271D3832CA00BC52DE /* Suitcase.swift */; };
		33089C321D3832CA00BC52DE /* Person+CoreDataProperties.swift in Sources */ = {isa = PBXBuildFile; fileRef = 33089C281D3832CA00BC52DE /* Person+CoreDataProperties.swift */; };
		33089C331D3832CA00BC52DE /* Person.swift in Sources */ = {isa = PBXBuildFile; fileRef = 33089C291D3832CA00BC52DE /* Person.swift */; };
		33089C351D383A4900BC52DE /* CustomView.swift in Sources */ = {isa = PBXBuildFile; fileRef = 33089C341D383A4900BC52DE /* CustomView.swift */; };
		331914871D4045C10064A2E5 /* DataService.swift in Sources */ = {isa = PBXBuildFile; fileRef = 331914861D4045C10064A2E5 /* DataService.swift */; };
		331914891D404BF30064A2E5 /* NewOutfitTodayVC.swift in Sources */ = {isa = PBXBuildFile; fileRef = 331914881D404BF30064A2E5 /* NewOutfitTodayVC.swift */; };
		3343726E1D35A43A00C4393B /* AppDelegate.swift in Sources */ = {isa = PBXBuildFile; fileRef = 3343726D1D35A43A00C4393B /* AppDelegate.swift */; };
		334372751D35A43A00C4393B /* Main.storyboard in Resources */ = {isa = PBXBuildFile; fileRef = 334372731D35A43A00C4393B /* Main.storyboard */; };
		334372771D35A43A00C4393B /* Assets.xcassets in Resources */ = {isa = PBXBuildFile; fileRef = 334372761D35A43A00C4393B /* Assets.xcassets */; };
		3343727A1D35A43A00C4393B /* LaunchScreen.storyboard in Resources */ = {isa = PBXBuildFile; fileRef = 334372781D35A43A00C4393B /* LaunchScreen.storyboard */; };
		334372831D35B30000C4393B /* LoginVC.swift in Sources */ = {isa = PBXBuildFile; fileRef = 334372821D35B30000C4393B /* LoginVC.swift */; };
		335F6B491D456DE400716F97 /* SectionInfo.swift in Sources */ = {isa = PBXBuildFile; fileRef = 335F6B481D456DE400716F97 /* SectionInfo.swift */; };
		337595731D49608400352D7E /* Outfit+CoreDataProperties.swift in Sources */ = {isa = PBXBuildFile; fileRef = 337595711D49608400352D7E /* Outfit+CoreDataProperties.swift */; };
		337595741D49608400352D7E /* Outfit.swift in Sources */ = {isa = PBXBuildFile; fileRef = 337595721D49608400352D7E /* Outfit.swift */; };
		337CF7961D4154840010BA3E /* wearingTodayVC.swift in Sources */ = {isa = PBXBuildFile; fileRef = 337CF7951D4154840010BA3E /* wearingTodayVC.swift */; };
		33A1965A1D400F3500A50A2B /* NewOutfitPictureSelectVC.swift in Sources */ = {isa = PBXBuildFile; fileRef = 33A196591D400F3500A50A2B /* NewOutfitPictureSelectVC.swift */; };
		33A1965D1D401AE700A50A2B /* ImageExtension.swift in Sources */ = {isa = PBXBuildFile; fileRef = 33A1965C1D401AE700A50A2B /* ImageExtension.swift */; };
		33CE20B41D46807F006FF0D8 /* SectionTitleCell.swift in Sources */ = {isa = PBXBuildFile; fileRef = 33CE20B31D46807F006FF0D8 /* SectionTitleCell.swift */; };
		33CE20B61D468997006FF0D8 /* SectionCell.swift in Sources */ = {isa = PBXBuildFile; fileRef = 33CE20B51D468997006FF0D8 /* SectionCell.swift */; };
		33CE20B81D469A87006FF0D8 /* SearchVC.swift in Sources */ = {isa = PBXBuildFile; fileRef = 33CE20B71D469A87006FF0D8 /* SearchVC.swift */; };
		33CE20BA1D46C0EF006FF0D8 /* ContentCell.swift in Sources */ = {isa = PBXBuildFile; fileRef = 33CE20B91D46C0EF006FF0D8 /* ContentCell.swift */; };
		33CE20BD1D46D9B0006FF0D8 /* Event+CoreDataProperties.swift in Sources */ = {isa = PBXBuildFile; fileRef = 33CE20BB1D46D9B0006FF0D8 /* Event+CoreDataProperties.swift */; };
		33CE20BE1D46D9B0006FF0D8 /* Event.swift in Sources */ = {isa = PBXBuildFile; fileRef = 33CE20BC1D46D9B0006FF0D8 /* Event.swift */; };
		33F586B21D35DE0600E5065B /* ClosetVC.swift in Sources */ = {isa = PBXBuildFile; fileRef = 33F586B11D35DE0600E5065B /* ClosetVC.swift */; };
		33F586BC1D360FF600E5065B /* CustomDropdownMenu.swift in Sources */ = {isa = PBXBuildFile; fileRef = 33F586BB1D360FF600E5065B /* CustomDropdownMenu.swift */; };
		33F586BE1D36113200E5065B /* CustomImageView.swift in Sources */ = {isa = PBXBuildFile; fileRef = 33F586BD1D36113200E5065B /* CustomImageView.swift */; };
		5298A66899E4355B4F3894A3 /* Pods_TinyCloset.framework in Frameworks */ = {isa = PBXBuildFile; fileRef = D6A9EF002D1BD375AB39E59F /* Pods_TinyCloset.framework */; };
/* End PBXBuildFile section */

/* Begin PBXFileReference section */
		33089BAF1D361AFB00BC52DE /* OutfitCell.swift */ = {isa = PBXFileReference; fileEncoding = 4; lastKnownFileType = sourcecode.swift; path = OutfitCell.swift; sourceTree = "<group>"; };
		33089BB11D36227600BC52DE /* CustomButton.swift */ = {isa = PBXFileReference; fileEncoding = 4; lastKnownFileType = sourcecode.swift; path = CustomButton.swift; sourceTree = "<group>"; };
		33089BB41D362D8300BC52DE /* TinyCloset.xcdatamodel */ = {isa = PBXFileReference; lastKnownFileType = wrapper.xcdatamodel; path = TinyCloset.xcdatamodel; sourceTree = "<group>"; };
		33089BEE1D36F44A00BC52DE /* Constants.swift */ = {isa = PBXFileReference; fileEncoding = 4; lastKnownFileType = sourcecode.swift; path = Constants.swift; sourceTree = "<group>"; };
		33089C221D3832CA00BC52DE /* Lent+CoreDataProperties.swift */ = {isa = PBXFileReference; fileEncoding = 4; lastKnownFileType = sourcecode.swift; name = "Lent+CoreDataProperties.swift"; path = "../Lent+CoreDataProperties.swift"; sourceTree = "<group>"; };
		33089C231D3832CA00BC52DE /* Lent.swift */ = {isa = PBXFileReference; fileEncoding = 4; lastKnownFileType = sourcecode.swift; name = Lent.swift; path = ../Lent.swift; sourceTree = "<group>"; };
		33089C241D3832CA00BC52DE /* Type+CoreDataProperties.swift */ = {isa = PBXFileReference; fileEncoding = 4; lastKnownFileType = sourcecode.swift; name = "Type+CoreDataProperties.swift"; path = "../Type+CoreDataProperties.swift"; sourceTree = "<group>"; };
		33089C251D3832CA00BC52DE /* Type.swift */ = {isa = PBXFileReference; fileEncoding = 4; lastKnownFileType = sourcecode.swift; name = Type.swift; path = ../Type.swift; sourceTree = "<group>"; };
		33089C261D3832CA00BC52DE /* Suitcase+CoreDataProperties.swift */ = {isa = PBXFileReference; fileEncoding = 4; lastKnownFileType = sourcecode.swift; name = "Suitcase+CoreDataProperties.swift"; path = "../Suitcase+CoreDataProperties.swift"; sourceTree = "<group>"; };
		33089C271D3832CA00BC52DE /* Suitcase.swift */ = {isa = PBXFileReference; fileEncoding = 4; lastKnownFileType = sourcecode.swift; name = Suitcase.swift; path = ../Suitcase.swift; sourceTree = "<group>"; };
		33089C281D3832CA00BC52DE /* Person+CoreDataProperties.swift */ = {isa = PBXFileReference; fileEncoding = 4; lastKnownFileType = sourcecode.swift; name = "Person+CoreDataProperties.swift"; path = "../Person+CoreDataProperties.swift"; sourceTree = "<group>"; };
		33089C291D3832CA00BC52DE /* Person.swift */ = {isa = PBXFileReference; fileEncoding = 4; lastKnownFileType = sourcecode.swift; name = Person.swift; path = ../Person.swift; sourceTree = "<group>"; };
		33089C341D383A4900BC52DE /* CustomView.swift */ = {isa = PBXFileReference; fileEncoding = 4; lastKnownFileType = sourcecode.swift; path = CustomView.swift; sourceTree = "<group>"; };
		331914861D4045C10064A2E5 /* DataService.swift */ = {isa = PBXFileReference; fileEncoding = 4; lastKnownFileType = sourcecode.swift; path = DataService.swift; sourceTree = "<group>"; };
		331914881D404BF30064A2E5 /* NewOutfitTodayVC.swift */ = {isa = PBXFileReference; fileEncoding = 4; lastKnownFileType = sourcecode.swift; path = NewOutfitTodayVC.swift; sourceTree = "<group>"; };
		3343726A1D35A43A00C4393B /* TinyCloset.app */ = {isa = PBXFileReference; explicitFileType = wrapper.application; includeInIndex = 0; path = TinyCloset.app; sourceTree = BUILT_PRODUCTS_DIR; };
		3343726D1D35A43A00C4393B /* AppDelegate.swift */ = {isa = PBXFileReference; lastKnownFileType = sourcecode.swift; path = AppDelegate.swift; sourceTree = "<group>"; };
		334372741D35A43A00C4393B /* Base */ = {isa = PBXFileReference; lastKnownFileType = file.storyboard; name = Base; path = Base.lproj/Main.storyboard; sourceTree = "<group>"; };
		334372761D35A43A00C4393B /* Assets.xcassets */ = {isa = PBXFileReference; lastKnownFileType = folder.assetcatalog; path = Assets.xcassets; sourceTree = "<group>"; };
		334372791D35A43A00C4393B /* Base */ = {isa = PBXFileReference; lastKnownFileType = file.storyboard; name = Base; path = Base.lproj/LaunchScreen.storyboard; sourceTree = "<group>"; };
		3343727B1D35A43A00C4393B /* Info.plist */ = {isa = PBXFileReference; lastKnownFileType = text.plist.xml; path = Info.plist; sourceTree = "<group>"; };
		334372821D35B30000C4393B /* LoginVC.swift */ = {isa = PBXFileReference; fileEncoding = 4; lastKnownFileType = sourcecode.swift; path = LoginVC.swift; sourceTree = "<group>"; };
		335F6B481D456DE400716F97 /* SectionInfo.swift */ = {isa = PBXFileReference; fileEncoding = 4; lastKnownFileType = sourcecode.swift; path = SectionInfo.swift; sourceTree = "<group>"; };
		337595711D49608400352D7E /* Outfit+CoreDataProperties.swift */ = {isa = PBXFileReference; fileEncoding = 4; lastKnownFileType = sourcecode.swift; path = "Outfit+CoreDataProperties.swift"; sourceTree = "<group>"; };
		337595721D49608400352D7E /* Outfit.swift */ = {isa = PBXFileReference; fileEncoding = 4; lastKnownFileType = sourcecode.swift; path = Outfit.swift; sourceTree = "<group>"; };
		337CF7951D4154840010BA3E /* wearingTodayVC.swift */ = {isa = PBXFileReference; fileEncoding = 4; lastKnownFileType = sourcecode.swift; path = wearingTodayVC.swift; sourceTree = "<group>"; };
		33A196591D400F3500A50A2B /* NewOutfitPictureSelectVC.swift */ = {isa = PBXFileReference; fileEncoding = 4; lastKnownFileType = sourcecode.swift; path = NewOutfitPictureSelectVC.swift; sourceTree = "<group>"; };
		33A1965C1D401AE700A50A2B /* ImageExtension.swift */ = {isa = PBXFileReference; fileEncoding = 4; lastKnownFileType = sourcecode.swift; path = ImageExtension.swift; sourceTree = "<group>"; };
		33CE20B31D46807F006FF0D8 /* SectionTitleCell.swift */ = {isa = PBXFileReference; fileEncoding = 4; lastKnownFileType = sourcecode.swift; path = SectionTitleCell.swift; sourceTree = "<group>"; };
		33CE20B51D468997006FF0D8 /* SectionCell.swift */ = {isa = PBXFileReference; fileEncoding = 4; lastKnownFileType = sourcecode.swift; path = SectionCell.swift; sourceTree = "<group>"; };
		33CE20B71D469A87006FF0D8 /* SearchVC.swift */ = {isa = PBXFileReference; fileEncoding = 4; lastKnownFileType = sourcecode.swift; path = SearchVC.swift; sourceTree = "<group>"; };
		33CE20B91D46C0EF006FF0D8 /* ContentCell.swift */ = {isa = PBXFileReference; fileEncoding = 4; lastKnownFileType = sourcecode.swift; path = ContentCell.swift; sourceTree = "<group>"; };
		33CE20BB1D46D9B0006FF0D8 /* Event+CoreDataProperties.swift */ = {isa = PBXFileReference; fileEncoding = 4; lastKnownFileType = sourcecode.swift; path = "Event+CoreDataProperties.swift"; sourceTree = "<group>"; };
		33CE20BC1D46D9B0006FF0D8 /* Event.swift */ = {isa = PBXFileReference; fileEncoding = 4; lastKnownFileType = sourcecode.swift; path = Event.swift; sourceTree = "<group>"; };
		33F586B11D35DE0600E5065B /* ClosetVC.swift */ = {isa = PBXFileReference; fileEncoding = 4; lastKnownFileType = sourcecode.swift; path = ClosetVC.swift; sourceTree = "<group>"; };
		33F586BB1D360FF600E5065B /* CustomDropdownMenu.swift */ = {isa = PBXFileReference; fileEncoding = 4; lastKnownFileType = sourcecode.swift; path = CustomDropdownMenu.swift; sourceTree = "<group>"; };
		33F586BD1D36113200E5065B /* CustomImageView.swift */ = {isa = PBXFileReference; fileEncoding = 4; lastKnownFileType = sourcecode.swift; path = CustomImageView.swift; sourceTree = "<group>"; };
		56C5B68B41779E2E8FE40BC0 /* Pods-TinyCloset.debug.xcconfig */ = {isa = PBXFileReference; includeInIndex = 1; lastKnownFileType = text.xcconfig; name = "Pods-TinyCloset.debug.xcconfig"; path = "Pods/Target Support Files/Pods-TinyCloset/Pods-TinyCloset.debug.xcconfig"; sourceTree = "<group>"; };
		73B2AC8170E39E6C9E707B26 /* Pods-TinyCloset.release.xcconfig */ = {isa = PBXFileReference; includeInIndex = 1; lastKnownFileType = text.xcconfig; name = "Pods-TinyCloset.release.xcconfig"; path = "Pods/Target Support Files/Pods-TinyCloset/Pods-TinyCloset.release.xcconfig"; sourceTree = "<group>"; };
		D6A9EF002D1BD375AB39E59F /* Pods_TinyCloset.framework */ = {isa = PBXFileReference; explicitFileType = wrapper.framework; includeInIndex = 0; path = Pods_TinyCloset.framework; sourceTree = BUILT_PRODUCTS_DIR; };
/* End PBXFileReference section */

/* Begin PBXFrameworksBuildPhase section */
		334372671D35A43A00C4393B /* Frameworks */ = {
			isa = PBXFrameworksBuildPhase;
			buildActionMask = 2147483647;
			files = (
				5298A66899E4355B4F3894A3 /* Pods_TinyCloset.framework in Frameworks */,
			);
			runOnlyForDeploymentPostprocessing = 0;
		};
/* End PBXFrameworksBuildPhase section */

/* Begin PBXGroup section */
		33089BB61D36E96800BC52DE /* Model */ = {
			isa = PBXGroup;
			children = (
				331914851D4045AF0064A2E5 /* Service */,
				33A1965B1D401AD600A50A2B /* Util */,
				33089C231D3832CA00BC52DE /* Lent.swift */,
				33089C251D3832CA00BC52DE /* Type.swift */,
				33089C271D3832CA00BC52DE /* Suitcase.swift */,
				33089C291D3832CA00BC52DE /* Person.swift */,
				33CE20BC1D46D9B0006FF0D8 /* Event.swift */,
				337595721D49608400352D7E /* Outfit.swift */,
				33089BB71D36E96D00BC52DE /* Generated */,
			);
			name = Model;
			sourceTree = "<group>";
		};
		33089BB71D36E96D00BC52DE /* Generated */ = {
			isa = PBXGroup;
			children = (
				33CE20BB1D46D9B0006FF0D8 /* Event+CoreDataProperties.swift */,
				337595711D49608400352D7E /* Outfit+CoreDataProperties.swift */,
				33089C221D3832CA00BC52DE /* Lent+CoreDataProperties.swift */,
				33089C241D3832CA00BC52DE /* Type+CoreDataProperties.swift */,
				33089C261D3832CA00BC52DE /* Suitcase+CoreDataProperties.swift */,
				33089C281D3832CA00BC52DE /* Person+CoreDataProperties.swift */,
			);
			name = Generated;
			sourceTree = "<group>";
		};
		331914851D4045AF0064A2E5 /* Service */ = {
			isa = PBXGroup;
			children = (
				331914861D4045C10064A2E5 /* DataService.swift */,
			);
			name = Service;
			sourceTree = "<group>";
		};
		334372611D35A43900C4393B = {
			isa = PBXGroup;
			children = (
				3343726C1D35A43A00C4393B /* TinyCloset */,
				3343726B1D35A43A00C4393B /* Products */,
				924D051A2135FA82BC7234CA /* Pods */,
				E6CC3065F7C657D4BFF4CA30 /* Frameworks */,
			);
			sourceTree = "<group>";
		};
		3343726B1D35A43A00C4393B /* Products */ = {
			isa = PBXGroup;
			children = (
				3343726A1D35A43A00C4393B /* TinyCloset.app */,
			);
			name = Products;
			sourceTree = "<group>";
		};
		3343726C1D35A43A00C4393B /* TinyCloset */ = {
			isa = PBXGroup;
			children = (
				33089BB61D36E96800BC52DE /* Model */,
				33F586B71D35E2C500E5065B /* View */,
				334372811D35B2E600C4393B /* Controller */,
				3343726D1D35A43A00C4393B /* AppDelegate.swift */,
				334372731D35A43A00C4393B /* Main.storyboard */,
				334372761D35A43A00C4393B /* Assets.xcassets */,
				334372781D35A43A00C4393B /* LaunchScreen.storyboard */,
				3343727B1D35A43A00C4393B /* Info.plist */,
				33089BB31D362D8300BC52DE /* TinyCloset.xcdatamodeld */,
				33089BEE1D36F44A00BC52DE /* Constants.swift */,
			);
			path = TinyCloset;
			sourceTree = "<group>";
		};
		334372811D35B2E600C4393B /* Controller */ = {
			isa = PBXGroup;
			children = (
				334372821D35B30000C4393B /* LoginVC.swift */,
				33F586B11D35DE0600E5065B /* ClosetVC.swift */,
				33A196591D400F3500A50A2B /* NewOutfitPictureSelectVC.swift */,
				331914881D404BF30064A2E5 /* NewOutfitTodayVC.swift */,
				337CF7951D4154840010BA3E /* wearingTodayVC.swift */,
				33CE20B71D469A87006FF0D8 /* SearchVC.swift */,
			);
			name = Controller;
			sourceTree = "<group>";
		};
		33A1965B1D401AD600A50A2B /* Util */ = {
			isa = PBXGroup;
			children = (
				33A1965C1D401AE700A50A2B /* ImageExtension.swift */,
				335F6B481D456DE400716F97 /* SectionInfo.swift */,
			);
			name = Util;
			sourceTree = "<group>";
		};
		33F586B71D35E2C500E5065B /* View */ = {
			isa = PBXGroup;
			children = (
				33F586BB1D360FF600E5065B /* CustomDropdownMenu.swift */,
				33F586BD1D36113200E5065B /* CustomImageView.swift */,
				33089BAF1D361AFB00BC52DE /* OutfitCell.swift */,
				33089BB11D36227600BC52DE /* CustomButton.swift */,
				33089C341D383A4900BC52DE /* CustomView.swift */,
				33CE20B31D46807F006FF0D8 /* SectionTitleCell.swift */,
				33CE20B51D468997006FF0D8 /* SectionCell.swift */,
				33CE20B91D46C0EF006FF0D8 /* ContentCell.swift */,
			);
			name = View;
			sourceTree = "<group>";
		};
		924D051A2135FA82BC7234CA /* Pods */ = {
			isa = PBXGroup;
			children = (
				56C5B68B41779E2E8FE40BC0 /* Pods-TinyCloset.debug.xcconfig */,
				73B2AC8170E39E6C9E707B26 /* Pods-TinyCloset.release.xcconfig */,
			);
			name = Pods;
			sourceTree = "<group>";
		};
		E6CC3065F7C657D4BFF4CA30 /* Frameworks */ = {
			isa = PBXGroup;
			children = (
				D6A9EF002D1BD375AB39E59F /* Pods_TinyCloset.framework */,
			);
			name = Frameworks;
			sourceTree = "<group>";
		};
/* End PBXGroup section */

/* Begin PBXNativeTarget section */
		334372691D35A43A00C4393B /* TinyCloset */ = {
			isa = PBXNativeTarget;
			buildConfigurationList = 3343727E1D35A43A00C4393B /* Build configuration list for PBXNativeTarget "TinyCloset" */;
			buildPhases = (
				31D199296F81EA60CC4005A3 /* [CP] Check Pods Manifest.lock */,
				334372661D35A43A00C4393B /* Sources */,
				334372671D35A43A00C4393B /* Frameworks */,
				334372681D35A43A00C4393B /* Resources */,
				BC5BD2BAD827A7FB3AAD03A2 /* [CP] Embed Pods Frameworks */,
				676893A3C3DC443F3B17F5FB /* [CP] Copy Pods Resources */,
			);
			buildRules = (
			);
			dependencies = (
			);
			name = TinyCloset;
			productName = TinyCloset;
			productReference = 3343726A1D35A43A00C4393B /* TinyCloset.app */;
			productType = "com.apple.product-type.application";
		};
/* End PBXNativeTarget section */

/* Begin PBXProject section */
		334372621D35A43A00C4393B /* Project object */ = {
			isa = PBXProject;
			attributes = {
				LastSwiftUpdateCheck = 0730;
				LastUpgradeCheck = 0730;
				ORGANIZATIONNAME = "Ellen Shin";
				TargetAttributes = {
					334372691D35A43A00C4393B = {
						CreatedOnToolsVersion = 7.3.1;
						DevelopmentTeam = 2NB2S647M7;
					};
				};
			};
			buildConfigurationList = 334372651D35A43A00C4393B /* Build configuration list for PBXProject "TinyCloset" */;
			compatibilityVersion = "Xcode 3.2";
			developmentRegion = English;
			hasScannedForEncodings = 0;
			knownRegions = (
				en,
				Base,
			);
			mainGroup = 334372611D35A43900C4393B;
			productRefGroup = 3343726B1D35A43A00C4393B /* Products */;
			projectDirPath = "";
			projectRoot = "";
			targets = (
				334372691D35A43A00C4393B /* TinyCloset */,
			);
		};
/* End PBXProject section */

/* Begin PBXResourcesBuildPhase section */
		334372681D35A43A00C4393B /* Resources */ = {
			isa = PBXResourcesBuildPhase;
			buildActionMask = 2147483647;
			files = (
				3343727A1D35A43A00C4393B /* LaunchScreen.storyboard in Resources */,
				334372771D35A43A00C4393B /* Assets.xcassets in Resources */,
				334372751D35A43A00C4393B /* Main.storyboard in Resources */,
			);
			runOnlyForDeploymentPostprocessing = 0;
		};
/* End PBXResourcesBuildPhase section */

/* Begin PBXShellScriptBuildPhase section */
		31D199296F81EA60CC4005A3 /* [CP] Check Pods Manifest.lock */ = {
			isa = PBXShellScriptBuildPhase;
			buildActionMask = 2147483647;
			files = (
			);
			inputPaths = (
			);
			name = "[CP] Check Pods Manifest.lock";
			outputPaths = (
			);
			runOnlyForDeploymentPostprocessing = 0;
			shellPath = /bin/sh;
			shellScript = "diff \"${PODS_ROOT}/../Podfile.lock\" \"${PODS_ROOT}/Manifest.lock\" > /dev/null\nif [[ $? != 0 ]] ; then\n    cat << EOM\nerror: The sandbox is not in sync with the Podfile.lock. Run 'pod install' or update your CocoaPods installation.\nEOM\n    exit 1\nfi\n";
			showEnvVarsInLog = 0;
		};
		676893A3C3DC443F3B17F5FB /* [CP] Copy Pods Resources */ = {
			isa = PBXShellScriptBuildPhase;
			buildActionMask = 2147483647;
			files = (
			);
			inputPaths = (
			);
			name = "[CP] Copy Pods Resources";
			outputPaths = (
			);
			runOnlyForDeploymentPostprocessing = 0;
			shellPath = /bin/sh;
			shellScript = "\"${SRCROOT}/Pods/Target Support Files/Pods-TinyCloset/Pods-TinyCloset-resources.sh\"\n";
			showEnvVarsInLog = 0;
		};
		BC5BD2BAD827A7FB3AAD03A2 /* [CP] Embed Pods Frameworks */ = {
			isa = PBXShellScriptBuildPhase;
			buildActionMask = 2147483647;
			files = (
			);
			inputPaths = (
			);
			name = "[CP] Embed Pods Frameworks";
			outputPaths = (
			);
			runOnlyForDeploymentPostprocessing = 0;
			shellPath = /bin/sh;
			shellScript = "\"${SRCROOT}/Pods/Target Support Files/Pods-TinyCloset/Pods-TinyCloset-frameworks.sh\"\n";
			showEnvVarsInLog = 0;
		};
/* End PBXShellScriptBuildPhase section */

/* Begin PBXSourcesBuildPhase section */
		334372661D35A43A00C4393B /* Sources */ = {
			isa = PBXSourcesBuildPhase;
			buildActionMask = 2147483647;
			files = (
				331914891D404BF30064A2E5 /* NewOutfitTodayVC.swift in Sources */,
				33CE20BE1D46D9B0006FF0D8 /* Event.swift in Sources */,
				337595741D49608400352D7E /* Outfit.swift in Sources */,
				33F586BC1D360FF600E5065B /* CustomDropdownMenu.swift in Sources */,
				33089C2D1D3832CA00BC52DE /* Lent.swift in Sources */,
				33089C321D3832CA00BC52DE /* Person+CoreDataProperties.swift in Sources */,
				33089C311D3832CA00BC52DE /* Suitcase.swift in Sources */,
				3343726E1D35A43A00C4393B /* AppDelegate.swift in Sources */,
				33CE20B81D469A87006FF0D8 /* SearchVC.swift in Sources */,
				33A1965A1D400F3500A50A2B /* NewOutfitPictureSelectVC.swift in Sources */,
				33089C351D383A4900BC52DE /* CustomView.swift in Sources */,
				33089BEF1D36F44A00BC52DE /* Constants.swift in Sources */,
				33A1965D1D401AE700A50A2B /* ImageExtension.swift in Sources */,
				33089C2F1D3832CA00BC52DE /* Type.swift in Sources */,
				33CE20B41D46807F006FF0D8 /* SectionTitleCell.swift in Sources */,
				33089C2E1D3832CA00BC52DE /* Type+CoreDataProperties.swift in Sources */,
				33CE20BA1D46C0EF006FF0D8 /* ContentCell.swift in Sources */,
				33089BB01D361AFB00BC52DE /* OutfitCell.swift in Sources */,
				33089C301D3832CA00BC52DE /* Suitcase+CoreDataProperties.swift in Sources */,
				335F6B491D456DE400716F97 /* SectionInfo.swift in Sources */,
				33089BB51D362D8300BC52DE /* TinyCloset.xcdatamodeld in Sources */,
				331914871D4045C10064A2E5 /* DataService.swift in Sources */,
				33CE20BD1D46D9B0006FF0D8 /* Event+CoreDataProperties.swift in Sources */,
				337595731D49608400352D7E /* Outfit+CoreDataProperties.swift in Sources */,
				334372831D35B30000C4393B /* LoginVC.swift in Sources */,
				33CE20B61D468997006FF0D8 /* SectionCell.swift in Sources */,
				337CF7961D4154840010BA3E /* wearingTodayVC.swift in Sources */,
				33089BB21D36227600BC52DE /* CustomButton.swift in Sources */,
				33089C331D3832CA00BC52DE /* Person.swift in Sources */,
				33F586B21D35DE0600E5065B /* ClosetVC.swift in Sources */,
				33089C2C1D3832CA00BC52DE /* Lent+CoreDataProperties.swift in Sources */,
				33F586BE1D36113200E5065B /* CustomImageView.swift in Sources */,
			);
			runOnlyForDeploymentPostprocessing = 0;
		};
/* End PBXSourcesBuildPhase section */

/* Begin PBXVariantGroup section */
		334372731D35A43A00C4393B /* Main.storyboard */ = {
			isa = PBXVariantGroup;
			children = (
				334372741D35A43A00C4393B /* Base */,
			);
			name = Main.storyboard;
			sourceTree = "<group>";
		};
		334372781D35A43A00C4393B /* LaunchScreen.storyboard */ = {
			isa = PBXVariantGroup;
			children = (
				334372791D35A43A00C4393B /* Base */,
			);
			name = LaunchScreen.storyboard;
			sourceTree = "<group>";
		};
/* End PBXVariantGroup section */

/* Begin XCBuildConfiguration section */
		3343727C1D35A43A00C4393B /* Debug */ = {
			isa = XCBuildConfiguration;
			buildSettings = {
				ALWAYS_SEARCH_USER_PATHS = NO;
				CLANG_ANALYZER_NONNULL = YES;
				CLANG_CXX_LANGUAGE_STANDARD = "gnu++0x";
				CLANG_CXX_LIBRARY = "libc++";
				CLANG_ENABLE_MODULES = YES;
				CLANG_ENABLE_OBJC_ARC = YES;
				CLANG_WARN_BOOL_CONVERSION = YES;
				CLANG_WARN_CONSTANT_CONVERSION = YES;
				CLANG_WARN_DIRECT_OBJC_ISA_USAGE = YES_ERROR;
				CLANG_WARN_EMPTY_BODY = YES;
				CLANG_WARN_ENUM_CONVERSION = YES;
				CLANG_WARN_INT_CONVERSION = YES;
				CLANG_WARN_OBJC_ROOT_CLASS = YES_ERROR;
				CLANG_WARN_UNREACHABLE_CODE = YES;
				CLANG_WARN__DUPLICATE_METHOD_MATCH = YES;
				"CODE_SIGN_IDENTITY[sdk=iphoneos*]" = "iPhone Developer";
				COPY_PHASE_STRIP = NO;
				DEBUG_INFORMATION_FORMAT = dwarf;
				ENABLE_STRICT_OBJC_MSGSEND = YES;
				ENABLE_TESTABILITY = YES;
				GCC_C_LANGUAGE_STANDARD = gnu99;
				GCC_DYNAMIC_NO_PIC = NO;
				GCC_NO_COMMON_BLOCKS = YES;
				GCC_OPTIMIZATION_LEVEL = 0;
				GCC_PREPROCESSOR_DEFINITIONS = (
					"DEBUG=1",
					"$(inherited)",
				);
				GCC_WARN_64_TO_32_BIT_CONVERSION = YES;
				GCC_WARN_ABOUT_RETURN_TYPE = YES_ERROR;
				GCC_WARN_UNDECLARED_SELECTOR = YES;
				GCC_WARN_UNINITIALIZED_AUTOS = YES_AGGRESSIVE;
				GCC_WARN_UNUSED_FUNCTION = YES;
				GCC_WARN_UNUSED_VARIABLE = YES;
				IPHONEOS_DEPLOYMENT_TARGET = 9.3;
				MTL_ENABLE_DEBUG_INFO = YES;
				ONLY_ACTIVE_ARCH = YES;
				SDKROOT = iphoneos;
				SWIFT_OPTIMIZATION_LEVEL = "-Onone";
				TARGETED_DEVICE_FAMILY = "1,2";
			};
			name = Debug;
		};
		3343727D1D35A43A00C4393B /* Release */ = {
			isa = XCBuildConfiguration;
			buildSettings = {
				ALWAYS_SEARCH_USER_PATHS = NO;
				CLANG_ANALYZER_NONNULL = YES;
				CLANG_CXX_LANGUAGE_STANDARD = "gnu++0x";
				CLANG_CXX_LIBRARY = "libc++";
				CLANG_ENABLE_MODULES = YES;
				CLANG_ENABLE_OBJC_ARC = YES;
				CLANG_WARN_BOOL_CONVERSION = YES;
				CLANG_WARN_CONSTANT_CONVERSION = YES;
				CLANG_WARN_DIRECT_OBJC_ISA_USAGE = YES_ERROR;
				CLANG_WARN_EMPTY_BODY = YES;
				CLANG_WARN_ENUM_CONVERSION = YES;
				CLANG_WARN_INT_CONVERSION = YES;
				CLANG_WARN_OBJC_ROOT_CLASS = YES_ERROR;
				CLANG_WARN_UNREACHABLE_CODE = YES;
				CLANG_WARN__DUPLICATE_METHOD_MATCH = YES;
				"CODE_SIGN_IDENTITY[sdk=iphoneos*]" = "iPhone Developer";
				COPY_PHASE_STRIP = NO;
				DEBUG_INFORMATION_FORMAT = "dwarf-with-dsym";
				ENABLE_NS_ASSERTIONS = NO;
				ENABLE_STRICT_OBJC_MSGSEND = YES;
				GCC_C_LANGUAGE_STANDARD = gnu99;
				GCC_NO_COMMON_BLOCKS = YES;
				GCC_WARN_64_TO_32_BIT_CONVERSION = YES;
				GCC_WARN_ABOUT_RETURN_TYPE = YES_ERROR;
				GCC_WARN_UNDECLARED_SELECTOR = YES;
				GCC_WARN_UNINITIALIZED_AUTOS = YES_AGGRESSIVE;
				GCC_WARN_UNUSED_FUNCTION = YES;
				GCC_WARN_UNUSED_VARIABLE = YES;
				IPHONEOS_DEPLOYMENT_TARGET = 9.3;
				MTL_ENABLE_DEBUG_INFO = NO;
				SDKROOT = iphoneos;
				TARGETED_DEVICE_FAMILY = "1,2";
				VALIDATE_PRODUCT = YES;
			};
			name = Release;
		};
		3343727F1D35A43A00C4393B /* Debug */ = {
			isa = XCBuildConfiguration;
			baseConfigurationReference = 56C5B68B41779E2E8FE40BC0 /* Pods-TinyCloset.debug.xcconfig */;
			buildSettings = {
				ASSETCATALOG_COMPILER_APPICON_NAME = AppIcon;
				CLANG_OPTIMIZATION_PROFILE_FILE = "/Users/ellenshin/Desktop/Udemy/TinyCloset/OptimizationProfiles/$(PROJECT_NAME).profdata";
				CODE_SIGN_IDENTITY = "iPhone Developer";
				"CODE_SIGN_IDENTITY[sdk=iphoneos*]" = "iPhone Developer";
				INFOPLIST_FILE = TinyCloset/Info.plist;
				LD_RUNPATH_SEARCH_PATHS = "$(inherited) @executable_path/Frameworks";
				PRODUCT_BUNDLE_IDENTIFIER = com.ellenshin.TinyCloset;
				PRODUCT_NAME = TinyCloset;
				PROVISIONING_PROFILE = "";
				TARGETED_DEVICE_FAMILY = 1;
			};
			name = Debug;
		};
		334372801D35A43A00C4393B /* Release */ = {
			isa = XCBuildConfiguration;
			baseConfigurationReference = 73B2AC8170E39E6C9E707B26 /* Pods-TinyCloset.release.xcconfig */;
			buildSettings = {
				ASSETCATALOG_COMPILER_APPICON_NAME = AppIcon;
				CLANG_OPTIMIZATION_PROFILE_FILE = "/Users/ellenshin/Desktop/Udemy/TinyClosetOptimizationProfiles/$(PROJECT_NAME).profdata";
				CODE_SIGN_IDENTITY = "iPhone Developer";
				"CODE_SIGN_IDENTITY[sdk=iphoneos*]" = "iPhone Developer";
				INFOPLIST_FILE = TinyCloset/Info.plist;
				LD_RUNPATH_SEARCH_PATHS = "$(inherited) @executable_path/Frameworks";
				PRODUCT_BUNDLE_IDENTIFIER = com.ellenshin.TinyCloset;
				PRODUCT_NAME = TinyCloset;
				PROVISIONING_PROFILE = "";
				TARGETED_DEVICE_FAMILY = 1;
			};
			name = Release;
		};
/* End XCBuildConfiguration section */

/* Begin XCConfigurationList section */
		334372651D35A43A00C4393B /* Build configuration list for PBXProject "TinyCloset" */ = {
			isa = XCConfigurationList;
			buildConfigurations = (
				3343727C1D35A43A00C4393B /* Debug */,
				3343727D1D35A43A00C4393B /* Release */,
			);
			defaultConfigurationIsVisible = 0;
			defaultConfigurationName = Release;
		};
		3343727E1D35A43A00C4393B /* Build configuration list for PBXNativeTarget "TinyCloset" */ = {
			isa = XCConfigurationList;
			buildConfigurations = (
				3343727F1D35A43A00C4393B /* Debug */,
				334372801D35A43A00C4393B /* Release */,
			);
			defaultConfigurationIsVisible = 0;
			defaultConfigurationName = Release;
		};
/* End XCConfigurationList section */

/* Begin XCVersionGroup section */
		33089BB31D362D8300BC52DE /* TinyCloset.xcdatamodeld */ = {
			isa = XCVersionGroup;
			children = (
				33089BB41D362D8300BC52DE /* TinyCloset.xcdatamodel */,
			);
			currentVersion = 33089BB41D362D8300BC52DE /* TinyCloset.xcdatamodel */;
			path = TinyCloset.xcdatamodeld;
			sourceTree = "<group>";
			versionGroupType = wrapper.xcdatamodel;
		};
/* End XCVersionGroup section */
	};
	rootObject = 334372621D35A43A00C4393B /* Project object */;
}
